
Microsoft Visual Studio Solution File, Format Version 12.00
# Visual Studio Version 16
VisualStudioVersion = 25.0.1706.6
MinimumVisualStudioVersion = 10.0.40219.1
Project("{FAE04EC0-301F-11D3-BF4B-00C04F79EFBC}") = "Inheritance", "Inheritance\Inheritance.csproj", "{55EB0211-4CB6-4D63-8E77-90953A10AADA}"
EndProject
Global
	GlobalSection(SolutionConfigurationPlatforms) = preSolution
		Debug|Any CPU = Debug|Any CPU
		Release|Any CPU = Release|Any CPU
	EndGlobalSection
	GlobalSection(ProjectConfigurationPlatforms) = postSolution
		{55EB0211-4CB6-4D63-8E77-90953A10AADA}.Debug|Any CPU.ActiveCfg = Debug|Any CPU
		{55EB0211-4CB6-4D63-8E77-90953A10AADA}.Debug|Any CPU.Build.0 = Debug|Any CPU
		{55EB0211-4CB6-4D63-8E77-90953A10AADA}.Release|Any CPU.ActiveCfg = Release|Any CPU
		{55EB0211-4CB6-4D63-8E77-90953A10AADA}.Release|Any CPU.Build.0 = Release|Any CPU
	EndGlobalSection
	GlobalSection(SolutionProperties) = preSolution
		HideSolutionNode = FALSE
	EndGlobalSection
	GlobalSection(ExtensibilityGlobals) = postSolution
		SolutionGuid = {AB2820AA-1F19-44CE-A478-5B9AE37DFE43}
	EndGlobalSection
EndGlobal
