
Microsoft Visual Studio Solution File, Format Version 12.00
# Visual Studio Version 16
VisualStudioVersion = 25.0.1706.4
MinimumVisualStudioVersion = 10.0.40219.1
Project("{FAE04EC0-301F-11D3-BF4B-00C04F79EFBC}") = "variables", "variables\variables.csproj", "{ECACE583-309F-4A7F-91AB-671609479130}"
EndProject
Global
	GlobalSection(SolutionConfigurationPlatforms) = preSolution
		Debug|Any CPU = Debug|Any CPU
		Release|Any CPU = Release|Any CPU
	EndGlobalSection
	GlobalSection(ProjectConfigurationPlatforms) = postSolution
		{ECACE583-309F-4A7F-91AB-671609479130}.Debug|Any CPU.ActiveCfg = Debug|Any CPU
		{ECACE583-309F-4A7F-91AB-671609479130}.Debug|Any CPU.Build.0 = Debug|Any CPU
		{ECACE583-309F-4A7F-91AB-671609479130}.Release|Any CPU.ActiveCfg = Release|Any CPU
		{ECACE583-309F-4A7F-91AB-671609479130}.Release|Any CPU.Build.0 = Release|Any CPU
	EndGlobalSection
	GlobalSection(SolutionProperties) = preSolution
		HideSolutionNode = FALSE
	EndGlobalSection
	GlobalSection(ExtensibilityGlobals) = postSolution
		SolutionGuid = {39BC01BA-56C8-4637-9CA9-9265337E82F1}
	EndGlobalSection
EndGlobal
