
Microsoft Visual Studio Solution File, Format Version 12.00
# Visual Studio Version 16
VisualStudioVersion = 25.0.1706.6
MinimumVisualStudioVersion = 10.0.40219.1
Project("{FAE04EC0-301F-11D3-BF4B-00C04F79EFBC}") = "NumaricalLotto-app", "NumaricalLotto-app\NumaricalLotto-app.csproj", "{3276DCC8-61C1-4E22-BF3B-4212D8C078C3}"
EndProject
Global
	GlobalSection(SolutionConfigurationPlatforms) = preSolution
		Debug|Any CPU = Debug|Any CPU
		Release|Any CPU = Release|Any CPU
	EndGlobalSection
	GlobalSection(ProjectConfigurationPlatforms) = postSolution
		{3276DCC8-61C1-4E22-BF3B-4212D8C078C3}.Debug|Any CPU.ActiveCfg = Debug|Any CPU
		{3276DCC8-61C1-4E22-BF3B-4212D8C078C3}.Debug|Any CPU.Build.0 = Debug|Any CPU
		{3276DCC8-61C1-4E22-BF3B-4212D8C078C3}.Release|Any CPU.ActiveCfg = Release|Any CPU
		{3276DCC8-61C1-4E22-BF3B-4212D8C078C3}.Release|Any CPU.Build.0 = Release|Any CPU
	EndGlobalSection
	GlobalSection(SolutionProperties) = preSolution
		HideSolutionNode = FALSE
	EndGlobalSection
	GlobalSection(ExtensibilityGlobals) = postSolution
		SolutionGuid = {ED157E04-D700-413A-80E6-F6824EBDB451}
	EndGlobalSection
EndGlobal
